{
  "name": "app-api",
  "lockfileVersion": 3,
  "requires": true,
  "packages": {
    "": {
      "name": "app-api",
      "dependencies": {
        "figlet": "^1.7.0"
      },
      "devDependencies": {
        "@types/figlet": "^1.5.8",
        "bun-types": "latest"
      },
      "peerDependencies": {
        "typescript": "^5.0.0"
      }
    },
    "node_modules/@types/figlet": {
      "version": "1.5.8",
      "resolved": "https://registry.npmjs.org/@types/figlet/-/figlet-1.5.8.tgz",
      "integrity": "sha512-G22AUvy4Tl95XLE7jmUM8s8mKcoz+Hr+Xm9W90gJsppJq9f9tHvOGkrpn4gRX0q/cLtBdNkWtWCKDg2UDZoZvQ==",
      "dev": true
    },
    "node_modules/bun-types": {
      "version": "1.0.12",
      "resolved": "https://registry.npmjs.org/bun-types/-/bun-types-1.0.12.tgz",
      "integrity": "sha512-jGXEQ9pkp1kwdgYY6X6SPP5V4kxEGGZQaZMEKUVeJ7T1/XFyrAwL4AeaM4lSvjYqwsPXIDdKCFgw5M1KLoK4qw==",
      "dev": true
    },
    "node_modules/figlet": {
      "version": "1.7.0",
      "license": "MIT",
      "bin": {
        "figlet": "bin/index.js"
      },
      "engines": {
        "node": ">= 0.4.0"
      }
    },
    "node_modules/typescript": {
      "version": "5.2.2",
      "license": "Apache-2.0",
      "peer": true,
      "bin": {
        "tsc": "bin/tsc",
        "tsserver": "bin/tsserver"
      },
      "engines": {
        "node": ">=14.17"
      }
    }
  }
}
